// !$*UTF8*$!
{
	archiveVersion = 1;
	classes = {
	};
	objectVersion = 50;
	objects = {

/* Begin PBXBuildFile section */
		1B4BE64F242A6304005135B5 /* Config.swift in Sources */ = {isa = PBXBuildFile; fileRef = 1B4BE64E242A6304005135B5 /* Config.swift */; };
		1BA03E492427C710001F0743 /* ContentView.swift in Sources */ = {isa = PBXBuildFile; fileRef = 1BA03E482427C710001F0743 /* ContentView.swift */; };
		1BA03E4B2427C711001F0743 /* Assets.xcassets in Resources */ = {isa = PBXBuildFile; fileRef = 1BA03E4A2427C711001F0743 /* Assets.xcassets */; };
		1BA03E4E2427C711001F0743 /* Preview Assets.xcassets in Resources */ = {isa = PBXBuildFile; fileRef = 1BA03E4D2427C711001F0743 /* Preview Assets.xcassets */; };
		1BA03E512427C711001F0743 /* LaunchScreen.storyboard in Resources */ = {isa = PBXBuildFile; fileRef = 1BA03E4F2427C711001F0743 /* LaunchScreen.storyboard */; };
		1BA03E5B2427C7A6001F0743 /* AppDelegate.swift in Sources */ = {isa = PBXBuildFile; fileRef = 1BA03E592427C7A6001F0743 /* AppDelegate.swift */; };
		1BA03E5C2427C7A6001F0743 /* SceneDelegate.swift in Sources */ = {isa = PBXBuildFile; fileRef = 1BA03E5A2427C7A6001F0743 /* SceneDelegate.swift */; };
		1BA03E612427CB60001F0743 /* 20200315152530.json in Resources */ = {isa = PBXBuildFile; fileRef = 1BA03E602427CB5F001F0743 /* 20200315152530.json */; };
		1BA03E632427CD7D001F0743 /* TVSeries.swift in Sources */ = {isa = PBXBuildFile; fileRef = 1BA03E622427CD7D001F0743 /* TVSeries.swift */; };
		1BA03E652427DB5F001F0743 /* TVSeason.swift in Sources */ = {isa = PBXBuildFile; fileRef = 1BA03E642427DB5F001F0743 /* TVSeason.swift */; };
		1BA03E672427DB7F001F0743 /* TVEpisode.swift in Sources */ = {isa = PBXBuildFile; fileRef = 1BA03E662427DB7F001F0743 /* TVEpisode.swift */; };
		1BA03E692427DBBA001F0743 /* TVRating.swift in Sources */ = {isa = PBXBuildFile; fileRef = 1BA03E682427DBBA001F0743 /* TVRating.swift */; };
		1BA03E6C2427DD56001F0743 /* DataSource.swift in Sources */ = {isa = PBXBuildFile; fileRef = 1BA03E6B2427DD56001F0743 /* DataSource.swift */; };
		1BA03E6E2427FD39001F0743 /* MasterView.swift in Sources */ = {isa = PBXBuildFile; fileRef = 1BA03E6D2427FD39001F0743 /* MasterView.swift */; };
		1BA03E702427FD45001F0743 /* DetailView.swift in Sources */ = {isa = PBXBuildFile; fileRef = 1BA03E6F2427FD45001F0743 /* DetailView.swift */; };
		1BA03E722428223E001F0743 /* ImageLoader.swift in Sources */ = {isa = PBXBuildFile; fileRef = 1BA03E712428223E001F0743 /* ImageLoader.swift */; };
		1BA03E7424282C98001F0743 /* RemoteImage.swift in Sources */ = {isa = PBXBuildFile; fileRef = 1BA03E7324282C98001F0743 /* RemoteImage.swift */; };
		1BDF39A1242962DA003D8D8C /* String+Extension.swift in Sources */ = {isa = PBXBuildFile; fileRef = 1BDF39A0242962DA003D8D8C /* String+Extension.swift */; };
/* End PBXBuildFile section */

/* Begin PBXFileReference section */
		1B4BE64E242A6304005135B5 /* Config.swift */ = {isa = PBXFileReference; lastKnownFileType = sourcecode.swift; path = Config.swift; sourceTree = "<group>"; };
		1BA03E412427C710001F0743 /* Episode_Guide.app */ = {isa = PBXFileReference; explicitFileType = wrapper.application; includeInIndex = 0; path = Episode_Guide.app; sourceTree = BUILT_PRODUCTS_DIR; };
		1BA03E482427C710001F0743 /* ContentView.swift */ = {isa = PBXFileReference; lastKnownFileType = sourcecode.swift; path = ContentView.swift; sourceTree = "<group>"; };
		1BA03E4A2427C711001F0743 /* Assets.xcassets */ = {isa = PBXFileReference; lastKnownFileType = folder.assetcatalog; path = Assets.xcassets; sourceTree = "<group>"; };
		1BA03E4D2427C711001F0743 /* Preview Assets.xcassets */ = {isa = PBXFileReference; lastKnownFileType = folder.assetcatalog; path = "Preview Assets.xcassets"; sourceTree = "<group>"; };
		1BA03E502427C711001F0743 /* Base */ = {isa = PBXFileReference; lastKnownFileType = file.storyboard; name = Base; path = Base.lproj/LaunchScreen.storyboard; sourceTree = "<group>"; };
		1BA03E522427C711001F0743 /* Info.plist */ = {isa = PBXFileReference; lastKnownFileType = text.plist.xml; path = Info.plist; sourceTree = "<group>"; };
		1BA03E592427C7A6001F0743 /* AppDelegate.swift */ = {isa = PBXFileReference; fileEncoding = 4; lastKnownFileType = sourcecode.swift; path = AppDelegate.swift; sourceTree = "<group>"; };
		1BA03E5A2427C7A6001F0743 /* SceneDelegate.swift */ = {isa = PBXFileReference; fileEncoding = 4; lastKnownFileType = sourcecode.swift; path = SceneDelegate.swift; sourceTree = "<group>"; };
		1BA03E602427CB5F001F0743 /* 20200315152530.json */ = {isa = PBXFileReference; fileEncoding = 4; lastKnownFileType = text.json; path = 20200315152530.json; sourceTree = "<group>"; };
		1BA03E622427CD7D001F0743 /* TVSeries.swift */ = {isa = PBXFileReference; lastKnownFileType = sourcecode.swift; path = TVSeries.swift; sourceTree = "<group>"; };
		1BA03E642427DB5F001F0743 /* TVSeason.swift */ = {isa = PBXFileReference; lastKnownFileType = sourcecode.swift; path = TVSeason.swift; sourceTree = "<group>"; };
		1BA03E662427DB7F001F0743 /* TVEpisode.swift */ = {isa = PBXFileReference; lastKnownFileType = sourcecode.swift; path = TVEpisode.swift; sourceTree = "<group>"; };
		1BA03E682427DBBA001F0743 /* TVRating.swift */ = {isa = PBXFileReference; lastKnownFileType = sourcecode.swift; path = TVRating.swift; sourceTree = "<group>"; };
		1BA03E6B2427DD56001F0743 /* DataSource.swift */ = {isa = PBXFileReference; lastKnownFileType = sourcecode.swift; path = DataSource.swift; sourceTree = "<group>"; };
		1BA03E6D2427FD39001F0743 /* MasterView.swift */ = {isa = PBXFileReference; lastKnownFileType = sourcecode.swift; path = MasterView.swift; sourceTree = "<group>"; };
		1BA03E6F2427FD45001F0743 /* DetailView.swift */ = {isa = PBXFileReference; lastKnownFileType = sourcecode.swift; path = DetailView.swift; sourceTree = "<group>"; };
		1BA03E712428223E001F0743 /* ImageLoader.swift */ = {isa = PBXFileReference; lastKnownFileType = sourcecode.swift; path = ImageLoader.swift; sourceTree = "<group>"; };
		1BA03E7324282C98001F0743 /* RemoteImage.swift */ = {isa = PBXFileReference; lastKnownFileType = sourcecode.swift; path = RemoteImage.swift; sourceTree = "<group>"; };
		1BDF39A0242962DA003D8D8C /* String+Extension.swift */ = {isa = PBXFileReference; lastKnownFileType = sourcecode.swift; path = "String+Extension.swift"; sourceTree = "<group>"; };
		1BDF39A42429834C003D8D8C /* Episode_Guide.entitlements */ = {isa = PBXFileReference; lastKnownFileType = text.plist.entitlements; path = Episode_Guide.entitlements; sourceTree = "<group>"; };
/* End PBXFileReference section */

/* Begin PBXFrameworksBuildPhase section */
		1BA03E3E2427C710001F0743 /* Frameworks */ = {
			isa = PBXFrameworksBuildPhase;
			buildActionMask = 2147483647;
			files = (
			);
			runOnlyForDeploymentPostprocessing = 0;
		};
/* End PBXFrameworksBuildPhase section */

/* Begin PBXGroup section */
		1BA03E382427C710001F0743 = {
			isa = PBXGroup;
			children = (
				1BA03E432427C710001F0743 /* Episode_Guide */,
				1BA03E422427C710001F0743 /* Products */,
			);
			sourceTree = "<group>";
		};
		1BA03E422427C710001F0743 /* Products */ = {
			isa = PBXGroup;
			children = (
				1BA03E412427C710001F0743 /* Episode_Guide.app */,
			);
			name = Products;
			sourceTree = "<group>";
		};
		1BA03E432427C710001F0743 /* Episode_Guide */ = {
			isa = PBXGroup;
			children = (
				1BDF39A42429834C003D8D8C /* Episode_Guide.entitlements */,
				1BA03E6A2427DD2C001F0743 /* Data */,
				1BA03E5F2427C83E001F0743 /* Models */,
				1BA03E5D2427C7B7001F0743 /* Views */,
				1BA03E582427C7A6001F0743 /* Main */,
				1BA03E522427C711001F0743 /* Info.plist */,
				1BA03E5E2427C7E7001F0743 /* Resources */,
				1BA03E4C2427C711001F0743 /* Preview Content */,
			);
			path = Episode_Guide;
			sourceTree = "<group>";
		};
		1BA03E4C2427C711001F0743 /* Preview Content */ = {
			isa = PBXGroup;
			children = (
				1BA03E4D2427C711001F0743 /* Preview Assets.xcassets */,
			);
			path = "Preview Content";
			sourceTree = "<group>";
		};
		1BA03E582427C7A6001F0743 /* Main */ = {
			isa = PBXGroup;
			children = (
				1BA03E592427C7A6001F0743 /* AppDelegate.swift */,
				1BA03E5A2427C7A6001F0743 /* SceneDelegate.swift */,
			);
			path = Main;
			sourceTree = "<group>";
		};
		1BA03E5D2427C7B7001F0743 /* Views */ = {
			isa = PBXGroup;
			children = (
				1BA03E482427C710001F0743 /* ContentView.swift */,
				1BA03E6D2427FD39001F0743 /* MasterView.swift */,
				1BA03E6F2427FD45001F0743 /* DetailView.swift */,
				1BA03E7324282C98001F0743 /* RemoteImage.swift */,
				1BDF39A0242962DA003D8D8C /* String+Extension.swift */,
			);
			path = Views;
			sourceTree = "<group>";
		};
		1BA03E5E2427C7E7001F0743 /* Resources */ = {
			isa = PBXGroup;
			children = (
				1BA03E602427CB5F001F0743 /* 20200315152530.json */,
				1BA03E4A2427C711001F0743 /* Assets.xcassets */,
				1BA03E4F2427C711001F0743 /* LaunchScreen.storyboard */,
			);
			path = Resources;
			sourceTree = "<group>";
		};
		1BA03E5F2427C83E001F0743 /* Models */ = {
			isa = PBXGroup;
			children = (
				1BA03E622427CD7D001F0743 /* TVSeries.swift */,
				1BA03E642427DB5F001F0743 /* TVSeason.swift */,
				1BA03E662427DB7F001F0743 /* TVEpisode.swift */,
				1BA03E682427DBBA001F0743 /* TVRating.swift */,
			);
			path = Models;
			sourceTree = "<group>";
		};
		1BA03E6A2427DD2C001F0743 /* Data */ = {
			isa = PBXGroup;
			children = (
				1B4BE64E242A6304005135B5 /* Config.swift */,
				1BA03E6B2427DD56001F0743 /* DataSource.swift */,
				1BA03E712428223E001F0743 /* ImageLoader.swift */,
			);
			path = Data;
			sourceTree = "<group>";
		};
/* End PBXGroup section */

/* Begin PBXNativeTarget section */
		1BA03E402427C710001F0743 /* Episode_Guide */ = {
			isa = PBXNativeTarget;
			buildConfigurationList = 1BA03E552427C711001F0743 /* Build configuration list for PBXNativeTarget "Episode_Guide" */;
			buildPhases = (
				1BA03E3D2427C710001F0743 /* Sources */,
				1BA03E3E2427C710001F0743 /* Frameworks */,
				1BA03E3F2427C710001F0743 /* Resources */,
			);
			buildRules = (
			);
			dependencies = (
			);
			name = Episode_Guide;
			productName = Episode_Guide;
			productReference = 1BA03E412427C710001F0743 /* Episode_Guide.app */;
			productType = "com.apple.product-type.application";
		};
/* End PBXNativeTarget section */

/* Begin PBXProject section */
		1BA03E392427C710001F0743 /* Project object */ = {
			isa = PBXProject;
			attributes = {
				LastSwiftUpdateCheck = 1130;
				LastUpgradeCheck = 1310;
				ORGANIZATIONNAME = sunflash;
				TargetAttributes = {
					1BA03E402427C710001F0743 = {
						CreatedOnToolsVersion = 11.3.1;
					};
				};
			};
			buildConfigurationList = 1BA03E3C2427C710001F0743 /* Build configuration list for PBXProject "Episode_Guide" */;
			compatibilityVersion = "Xcode 9.3";
			developmentRegion = en;
			hasScannedForEncodings = 0;
			knownRegions = (
				en,
				Base,
			);
			mainGroup = 1BA03E382427C710001F0743;
			productRefGroup = 1BA03E422427C710001F0743 /* Products */;
			projectDirPath = "";
			projectRoot = "";
			targets = (
				1BA03E402427C710001F0743 /* Episode_Guide */,
			);
		};
/* End PBXProject section */

/* Begin PBXResourcesBuildPhase section */
		1BA03E3F2427C710001F0743 /* Resources */ = {
			isa = PBXResourcesBuildPhase;
			buildActionMask = 2147483647;
			files = (
				1BA03E612427CB60001F0743 /* 20200315152530.json in Resources */,
				1BA03E512427C711001F0743 /* LaunchScreen.storyboard in Resources */,
				1BA03E4E2427C711001F0743 /* Preview Assets.xcassets in Resources */,
				1BA03E4B2427C711001F0743 /* Assets.xcassets in Resources */,
			);
			runOnlyForDeploymentPostprocessing = 0;
		};
/* End PBXResourcesBuildPhase section */

/* Begin PBXSourcesBuildPhase section */
		1BA03E3D2427C710001F0743 /* Sources */ = {
			isa = PBXSourcesBuildPhase;
			buildActionMask = 2147483647;
			files = (
				1BA03E5B2427C7A6001F0743 /* AppDelegate.swift in Sources */,
				1BA03E692427DBBA001F0743 /* TVRating.swift in Sources */,
				1BA03E492427C710001F0743 /* ContentView.swift in Sources */,
				1B4BE64F242A6304005135B5 /* Config.swift in Sources */,
				1BA03E7424282C98001F0743 /* RemoteImage.swift in Sources */,
				1BA03E702427FD45001F0743 /* DetailView.swift in Sources */,
				1BA03E6E2427FD39001F0743 /* MasterView.swift in Sources */,
				1BDF39A1242962DA003D8D8C /* String+Extension.swift in Sources */,
				1BA03E722428223E001F0743 /* ImageLoader.swift in Sources */,
				1BA03E652427DB5F001F0743 /* TVSeason.swift in Sources */,
				1BA03E632427CD7D001F0743 /* TVSeries.swift in Sources */,
				1BA03E5C2427C7A6001F0743 /* SceneDelegate.swift in Sources */,
				1BA03E672427DB7F001F0743 /* TVEpisode.swift in Sources */,
				1BA03E6C2427DD56001F0743 /* DataSource.swift in Sources */,
			);
			runOnlyForDeploymentPostprocessing = 0;
		};
/* End PBXSourcesBuildPhase section */

/* Begin PBXVariantGroup section */
		1BA03E4F2427C711001F0743 /* LaunchScreen.storyboard */ = {
			isa = PBXVariantGroup;
			children = (
				1BA03E502427C711001F0743 /* Base */,
			);
			name = LaunchScreen.storyboard;
			sourceTree = "<group>";
		};
/* End PBXVariantGroup section */

/* Begin XCBuildConfiguration section */
		1BA03E532427C711001F0743 /* Debug */ = {
			isa = XCBuildConfiguration;
			buildSettings = {
				ALWAYS_SEARCH_USER_PATHS = NO;
				CLANG_ANALYZER_NONNULL = YES;
				CLANG_ANALYZER_NUMBER_OBJECT_CONVERSION = YES_AGGRESSIVE;
				CLANG_CXX_LANGUAGE_STANDARD = "gnu++14";
				CLANG_CXX_LIBRARY = "libc++";
				CLANG_ENABLE_MODULES = YES;
				CLANG_ENABLE_OBJC_ARC = YES;
				CLANG_ENABLE_OBJC_WEAK = YES;
				CLANG_STATIC_ANALYZER_MODE = deep;
				CLANG_WARN_BLOCK_CAPTURE_AUTORELEASING = YES;
				CLANG_WARN_BOOL_CONVERSION = YES;
				CLANG_WARN_COMMA = YES;
				CLANG_WARN_CONSTANT_CONVERSION = YES;
				CLANG_WARN_DEPRECATED_OBJC_IMPLEMENTATIONS = YES;
				CLANG_WARN_DIRECT_OBJC_ISA_USAGE = YES_ERROR;
				CLANG_WARN_DOCUMENTATION_COMMENTS = YES;
				CLANG_WARN_EMPTY_BODY = YES;
				CLANG_WARN_ENUM_CONVERSION = YES;
				CLANG_WARN_INFINITE_RECURSION = YES;
				CLANG_WARN_INT_CONVERSION = YES;
				CLANG_WARN_NON_LITERAL_NULL_CONVERSION = YES;
				CLANG_WARN_OBJC_IMPLICIT_RETAIN_SELF = YES;
				CLANG_WARN_OBJC_LITERAL_CONVERSION = YES;
				CLANG_WARN_OBJC_ROOT_CLASS = YES_ERROR;
				CLANG_WARN_QUOTED_INCLUDE_IN_FRAMEWORK_HEADER = YES;
				CLANG_WARN_RANGE_LOOP_ANALYSIS = YES;
				CLANG_WARN_STRICT_PROTOTYPES = YES;
				CLANG_WARN_SUSPICIOUS_MOVE = YES;
				CLANG_WARN_UNGUARDED_AVAILABILITY = YES_AGGRESSIVE;
				CLANG_WARN_UNREACHABLE_CODE = YES;
				CLANG_WARN__DUPLICATE_METHOD_MATCH = YES;
				COPY_PHASE_STRIP = NO;
				DEBUG_INFORMATION_FORMAT = dwarf;
				ENABLE_STRICT_OBJC_MSGSEND = YES;
				ENABLE_TESTABILITY = YES;
				GCC_C_LANGUAGE_STANDARD = gnu11;
				GCC_DYNAMIC_NO_PIC = NO;
				GCC_NO_COMMON_BLOCKS = YES;
				GCC_OPTIMIZATION_LEVEL = 0;
				GCC_PREPROCESSOR_DEFINITIONS = (
					"DEBUG=1",
					"$(inherited)",
				);
				GCC_WARN_64_TO_32_BIT_CONVERSION = YES;
				GCC_WARN_ABOUT_RETURN_TYPE = YES_ERROR;
				GCC_WARN_UNDECLARED_SELECTOR = YES;
				GCC_WARN_UNINITIALIZED_AUTOS = YES_AGGRESSIVE;
				GCC_WARN_UNUSED_FUNCTION = YES;
				GCC_WARN_UNUSED_VARIABLE = YES;
				IPHONEOS_DEPLOYMENT_TARGET = 13.0;
				LLVM_LTO = YES;
				MTL_ENABLE_DEBUG_INFO = INCLUDE_SOURCE;
				MTL_FAST_MATH = YES;
				ONLY_ACTIVE_ARCH = YES;
				OTHER_SWIFT_FLAGS = "-DDEBUG";
				RUN_CLANG_STATIC_ANALYZER = YES;
				SDKROOT = iphoneos;
				SWIFT_ACTIVE_COMPILATION_CONDITIONS = DEBUG;
				SWIFT_OPTIMIZATION_LEVEL = "-Onone";
				SWIFT_VERSION = 5.0;
			};
			name = Debug;
		};
		1BA03E542427C711001F0743 /* Release */ = {
			isa = XCBuildConfiguration;
			buildSettings = {
				ALWAYS_SEARCH_USER_PATHS = NO;
				CLANG_ANALYZER_NONNULL = YES;
				CLANG_ANALYZER_NUMBER_OBJECT_CONVERSION = YES_AGGRESSIVE;
				CLANG_CXX_LANGUAGE_STANDARD = "gnu++14";
				CLANG_CXX_LIBRARY = "libc++";
				CLANG_ENABLE_MODULES = YES;
				CLANG_ENABLE_OBJC_ARC = YES;
				CLANG_ENABLE_OBJC_WEAK = YES;
				CLANG_STATIC_ANALYZER_MODE = deep;
				CLANG_WARN_BLOCK_CAPTURE_AUTORELEASING = YES;
				CLANG_WARN_BOOL_CONVERSION = YES;
				CLANG_WARN_COMMA = YES;
				CLANG_WARN_CONSTANT_CONVERSION = YES;
				CLANG_WARN_DEPRECATED_OBJC_IMPLEMENTATIONS = YES;
				CLANG_WARN_DIRECT_OBJC_ISA_USAGE = YES_ERROR;
				CLANG_WARN_DOCUMENTATION_COMMENTS = YES;
				CLANG_WARN_EMPTY_BODY = YES;
				CLANG_WARN_ENUM_CONVERSION = YES;
				CLANG_WARN_INFINITE_RECURSION = YES;
				CLANG_WARN_INT_CONVERSION = YES;
				CLANG_WARN_NON_LITERAL_NULL_CONVERSION = YES;
				CLANG_WARN_OBJC_IMPLICIT_RETAIN_SELF = YES;
				CLANG_WARN_OBJC_LITERAL_CONVERSION = YES;
				CLANG_WARN_OBJC_ROOT_CLASS = YES_ERROR;
				CLANG_WARN_QUOTED_INCLUDE_IN_FRAMEWORK_HEADER = YES;
				CLANG_WARN_RANGE_LOOP_ANALYSIS = YES;
				CLANG_WARN_STRICT_PROTOTYPES = YES;
				CLANG_WARN_SUSPICIOUS_MOVE = YES;
				CLANG_WARN_UNGUARDED_AVAILABILITY = YES_AGGRESSIVE;
				CLANG_WARN_UNREACHABLE_CODE = YES;
				CLANG_WARN__DUPLICATE_METHOD_MATCH = YES;
				COPY_PHASE_STRIP = NO;
				DEBUG_INFORMATION_FORMAT = "dwarf-with-dsym";
				ENABLE_NS_ASSERTIONS = NO;
				ENABLE_STRICT_OBJC_MSGSEND = YES;
				GCC_C_LANGUAGE_STANDARD = gnu11;
				GCC_NO_COMMON_BLOCKS = YES;
				GCC_OPTIMIZATION_LEVEL = fast;
				GCC_WARN_64_TO_32_BIT_CONVERSION = YES;
				GCC_WARN_ABOUT_RETURN_TYPE = YES_ERROR;
				GCC_WARN_UNDECLARED_SELECTOR = YES;
				GCC_WARN_UNINITIALIZED_AUTOS = YES_AGGRESSIVE;
				GCC_WARN_UNUSED_FUNCTION = YES;
				GCC_WARN_UNUSED_VARIABLE = YES;
				IPHONEOS_DEPLOYMENT_TARGET = 13.0;
				LLVM_LTO = YES;
				MTL_ENABLE_DEBUG_INFO = NO;
				MTL_FAST_MATH = YES;
				OTHER_SWIFT_FLAGS = "-DRELEASE";
				RUN_CLANG_STATIC_ANALYZER = YES;
				SDKROOT = iphoneos;
				SWIFT_COMPILATION_MODE = wholemodule;
				SWIFT_OPTIMIZATION_LEVEL = "-O";
				SWIFT_VERSION = 5.0;
				VALIDATE_PRODUCT = YES;
			};
			name = Release;
		};
		1BA03E562427C711001F0743 /* Debug */ = {
			isa = XCBuildConfiguration;
			buildSettings = {
				ASSETCATALOG_COMPILER_APPICON_NAME = AppIcon;
				CODE_SIGN_ENTITLEMENTS = Episode_Guide/Episode_Guide.entitlements;
				"CODE_SIGN_IDENTITY[sdk=macosx*]" = "-";
				CODE_SIGN_STYLE = Automatic;
				DERIVE_MACCATALYST_PRODUCT_BUNDLE_IDENTIFIER = YES;
				DEVELOPMENT_ASSET_PATHS = "\"Episode_Guide/Preview Content\"";
				DEVELOPMENT_TEAM = "";
				ENABLE_PREVIEWS = YES;
				INFOPLIST_FILE = Episode_Guide/Info.plist;
				LD_RUNPATH_SEARCH_PATHS = (
					"$(inherited)",
					"@executable_path/Frameworks",
				);
				PRODUCT_BUNDLE_IDENTIFIER = "sunflash.com.Episode-Guide";
				PRODUCT_NAME = "$(TARGET_NAME)";
				SUPPORTS_MACCATALYST = YES;
				TARGETED_DEVICE_FAMILY = "1,2";
			};
			name = Debug;
		};
		1BA03E572427C711001F0743 /* Release */ = {
			isa = XCBuildConfiguration;
			buildSettings = {
				ASSETCATALOG_COMPILER_APPICON_NAME = AppIcon;
				CODE_SIGN_ENTITLEMENTS = Episode_Guide/Episode_Guide.entitlements;
				"CODE_SIGN_IDENTITY[sdk=macosx*]" = "-";
				CODE_SIGN_STYLE = Automatic;
				DERIVE_MACCATALYST_PRODUCT_BUNDLE_IDENTIFIER = YES;
				DEVELOPMENT_ASSET_PATHS = "\"Episode_Guide/Preview Content\"";
				DEVELOPMENT_TEAM = "";
				ENABLE_PREVIEWS = YES;
				INFOPLIST_FILE = Episode_Guide/Info.plist;
				LD_RUNPATH_SEARCH_PATHS = (
					"$(inherited)",
					"@executable_path/Frameworks",
				);
				PRODUCT_BUNDLE_IDENTIFIER = "sunflash.com.Episode-Guide";
				PRODUCT_NAME = "$(TARGET_NAME)";
				SUPPORTS_MACCATALYST = YES;
				TARGETED_DEVICE_FAMILY = "1,2";
			};
			name = Release;
		};
/* End XCBuildConfiguration section */

/* Begin XCConfigurationList section */
		1BA03E3C2427C710001F0743 /* Build configuration list for PBXProject "Episode_Guide" */ = {
			isa = XCConfigurationList;
			buildConfigurations = (
				1BA03E532427C711001F0743 /* Debug */,
				1BA03E542427C711001F0743 /* Release */,
			);
			defaultConfigurationIsVisible = 0;
			defaultConfigurationName = Release;
		};
		1BA03E552427C711001F0743 /* Build configuration list for PBXNativeTarget "Episode_Guide" */ = {
			isa = XCConfigurationList;
			buildConfigurations = (
				1BA03E562427C711001F0743 /* Debug */,
				1BA03E572427C711001F0743 /* Release */,
			);
			defaultConfigurationIsVisible = 0;
			defaultConfigurationName = Release;
		};
/* End XCConfigurationList section */
	};
	rootObject = 1BA03E392427C710001F0743 /* Project object */;
}
